Microsoft Visual Studio Solution File, Format Version 11.00
# Visual Studio 2008

Project("{05CB5D14-05CC-F653-C10C-20E6680D204F}") = "RopeRace3", "Assembly-CSharp-firstpass-vs.csproj", "{761F8873-5AD4-79B5-6FF1-F5AC84FFC680}"
EndProject
Project("{05CB5D14-05CC-F653-C10C-20E6680D204F}") = "RopeRace3", "Assembly-CSharp-vs.csproj", "{317FC4C5-26E4-A103-C682-2DA85D701478}"
EndProject
Project("{05CB5D14-05CC-F653-C10C-20E6680D204F}") = "RopeRace3", "Assembly-CSharp-Editor-firstpass-vs.csproj", "{7517BDF7-DBDC-DD15-1AB3-274A93B99405}"
EndProject
Project("{05CB5D14-05CC-F653-C10C-20E6680D204F}") = "RopeRace3", "Assembly-CSharp-Editor-vs.csproj", "{4A57BA6E-74CE-33C2-59FB-7B8DFA0B4A97}"
EndProject
Global
	GlobalSection(SolutionConfigurationPlatforms) = preSolution
		Debug|Any CPU = Debug|Any CPU
		Release|Any CPU = Release|Any CPU
	EndGlobalSection
	GlobalSection(ProjectConfigurationPlatforms) = postSolution
		{761F8873-5AD4-79B5-6FF1-F5AC84FFC680}.Debug|Any CPU.ActiveCfg = Debug|Any CPU
		{761F8873-5AD4-79B5-6FF1-F5AC84FFC680}.Debug|Any CPU.Build.0 = Debug|Any CPU
		{761F8873-5AD4-79B5-6FF1-F5AC84FFC680}.Release|Any CPU.ActiveCfg = Release|Any CPU
		{761F8873-5AD4-79B5-6FF1-F5AC84FFC680}.Release|Any CPU.Build.0 = Release|Any CPU
		{317FC4C5-26E4-A103-C682-2DA85D701478}.Debug|Any CPU.ActiveCfg = Debug|Any CPU
		{317FC4C5-26E4-A103-C682-2DA85D701478}.Debug|Any CPU.Build.0 = Debug|Any CPU
		{317FC4C5-26E4-A103-C682-2DA85D701478}.Release|Any CPU.ActiveCfg = Release|Any CPU
		{317FC4C5-26E4-A103-C682-2DA85D701478}.Release|Any CPU.Build.0 = Release|Any CPU
		{7517BDF7-DBDC-DD15-1AB3-274A93B99405}.Debug|Any CPU.ActiveCfg = Debug|Any CPU
		{7517BDF7-DBDC-DD15-1AB3-274A93B99405}.Debug|Any CPU.Build.0 = Debug|Any CPU
		{7517BDF7-DBDC-DD15-1AB3-274A93B99405}.Release|Any CPU.ActiveCfg = Release|Any CPU
		{7517BDF7-DBDC-DD15-1AB3-274A93B99405}.Release|Any CPU.Build.0 = Release|Any CPU
		{4A57BA6E-74CE-33C2-59FB-7B8DFA0B4A97}.Debug|Any CPU.ActiveCfg = Debug|Any CPU
		{4A57BA6E-74CE-33C2-59FB-7B8DFA0B4A97}.Debug|Any CPU.Build.0 = Debug|Any CPU
		{4A57BA6E-74CE-33C2-59FB-7B8DFA0B4A97}.Release|Any CPU.ActiveCfg = Release|Any CPU
		{4A57BA6E-74CE-33C2-59FB-7B8DFA0B4A97}.Release|Any CPU.Build.0 = Release|Any CPU
	EndGlobalSection
	GlobalSection(SolutionProperties) = preSolution
		HideSolutionNode = FALSE
	EndGlobalSection
	
EndGlobal
