Microsoft Visual Studio Solution File, Format Version 10.00
# Visual Studio 2008

Project("{6FA3F3DA-A9F9-A628-2D58-C913B73B8DC4}") = "Arena", "Arena.csproj", "{4B50AE2C-983F-EDB6-FB96-72501C92D627}"
EndProject
Global
	GlobalSection(SolutionConfigurationPlatforms) = preSolution
		Debug|Any CPU = Debug|Any CPU
		Release|Any CPU = Release|Any CPU
	EndGlobalSection
	GlobalSection(ProjectConfigurationPlatforms) = postSolution
		{4B50AE2C-983F-EDB6-FB96-72501C92D627}.Debug|Any CPU.ActiveCfg = Debug|Any CPU
		{4B50AE2C-983F-EDB6-FB96-72501C92D627}.Debug|Any CPU.Build.0 = Debug|Any CPU
		{4B50AE2C-983F-EDB6-FB96-72501C92D627}.Release|Any CPU.ActiveCfg = Release|Any CPU
		{4B50AE2C-983F-EDB6-FB96-72501C92D627}.Release|Any CPU.Build.0 = Release|Any CPU
	EndGlobalSection
	GlobalSection(SolutionProperties) = preSolution
		HideSolutionNode = FALSE
	EndGlobalSection
	
EndGlobal
