Microsoft Visual Studio Solution File, Format Version 10.00
# Visual Studio 2008

Project("{57C0BEC8-473F-5145-543A-61B56BC4C17F}") = "New Unity Project Editor", "New Unity Project Editor.csproj", "{53339AF9-2C5C-1710-5739-91073A125B7E}"
EndProject
Global
	GlobalSection(SolutionConfigurationPlatforms) = preSolution
		Debug|Any CPU = Debug|Any CPU
		Release|Any CPU = Release|Any CPU
	EndGlobalSection
	GlobalSection(ProjectConfigurationPlatforms) = postSolution
		{53339AF9-2C5C-1710-5739-91073A125B7E}.Debug|Any CPU.ActiveCfg = Debug|Any CPU
		{53339AF9-2C5C-1710-5739-91073A125B7E}.Debug|Any CPU.Build.0 = Debug|Any CPU
		{53339AF9-2C5C-1710-5739-91073A125B7E}.Release|Any CPU.ActiveCfg = Release|Any CPU
		{53339AF9-2C5C-1710-5739-91073A125B7E}.Release|Any CPU.Build.0 = Release|Any CPU
	EndGlobalSection
	GlobalSection(SolutionProperties) = preSolution
		HideSolutionNode = FALSE
	EndGlobalSection
	
EndGlobal
