Microsoft Visual Studio Solution File, Format Version 10.00
# Visual Studio 2008

Project("{97E0B988-F706-B165-0F18-FBFFA4516BE5}") = "CSTRIKE", "Assembly-CSharp-firstpass-vs.csproj", "{7C5A32D9-C452-2DE5-FE02-B7072AEB28B9}"
EndProject
Project("{97E0B988-F706-B165-0F18-FBFFA4516BE5}") = "CSTRIKE", "Assembly-CSharp-vs.csproj", "{ADE13E05-314A-923A-06FF-A1A92342A27D}"
EndProject
Project("{97E0B988-F706-B165-0F18-FBFFA4516BE5}") = "CSTRIKE", "Assembly-CSharp-Editor-firstpass-vs.csproj", "{1D0B8B43-1703-BEDC-293D-ACE76824700E}"
EndProject
Project("{97E0B988-F706-B165-0F18-FBFFA4516BE5}") = "CSTRIKE", "Assembly-CSharp-Editor-vs.csproj", "{A57E2166-18D0-090E-07ED-4791291F02F6}"
EndProject
Global
	GlobalSection(SolutionConfigurationPlatforms) = preSolution
		Debug|Any CPU = Debug|Any CPU
		Release|Any CPU = Release|Any CPU
	EndGlobalSection
	GlobalSection(ProjectConfigurationPlatforms) = postSolution
		{7C5A32D9-C452-2DE5-FE02-B7072AEB28B9}.Debug|Any CPU.ActiveCfg = Debug|Any CPU
		{7C5A32D9-C452-2DE5-FE02-B7072AEB28B9}.Debug|Any CPU.Build.0 = Debug|Any CPU
		{7C5A32D9-C452-2DE5-FE02-B7072AEB28B9}.Release|Any CPU.ActiveCfg = Release|Any CPU
		{7C5A32D9-C452-2DE5-FE02-B7072AEB28B9}.Release|Any CPU.Build.0 = Release|Any CPU
		{ADE13E05-314A-923A-06FF-A1A92342A27D}.Debug|Any CPU.ActiveCfg = Debug|Any CPU
		{ADE13E05-314A-923A-06FF-A1A92342A27D}.Debug|Any CPU.Build.0 = Debug|Any CPU
		{ADE13E05-314A-923A-06FF-A1A92342A27D}.Release|Any CPU.ActiveCfg = Release|Any CPU
		{ADE13E05-314A-923A-06FF-A1A92342A27D}.Release|Any CPU.Build.0 = Release|Any CPU
		{1D0B8B43-1703-BEDC-293D-ACE76824700E}.Debug|Any CPU.ActiveCfg = Debug|Any CPU
		{1D0B8B43-1703-BEDC-293D-ACE76824700E}.Debug|Any CPU.Build.0 = Debug|Any CPU
		{1D0B8B43-1703-BEDC-293D-ACE76824700E}.Release|Any CPU.ActiveCfg = Release|Any CPU
		{1D0B8B43-1703-BEDC-293D-ACE76824700E}.Release|Any CPU.Build.0 = Release|Any CPU
		{A57E2166-18D0-090E-07ED-4791291F02F6}.Debug|Any CPU.ActiveCfg = Debug|Any CPU
		{A57E2166-18D0-090E-07ED-4791291F02F6}.Debug|Any CPU.Build.0 = Debug|Any CPU
		{A57E2166-18D0-090E-07ED-4791291F02F6}.Release|Any CPU.ActiveCfg = Release|Any CPU
		{A57E2166-18D0-090E-07ED-4791291F02F6}.Release|Any CPU.Build.0 = Release|Any CPU
	EndGlobalSection
	GlobalSection(SolutionProperties) = preSolution
		HideSolutionNode = FALSE
	EndGlobalSection
	
EndGlobal
