Microsoft Visual Studio Solution File, Format Version 10.00
# Visual Studio 2008

Project("{FBF329B5-5433-2602-6665-FE57C2F216DE}") = "Ropector", "Ropector.csproj", "{F7ED5A23-3208-36FF-B40B-57B99185794E}"
EndProject
Global
	GlobalSection(SolutionConfigurationPlatforms) = preSolution
		Debug|Any CPU = Debug|Any CPU
		Release|Any CPU = Release|Any CPU
	EndGlobalSection
	GlobalSection(ProjectConfigurationPlatforms) = postSolution
		{F7ED5A23-3208-36FF-B40B-57B99185794E}.Debug|Any CPU.ActiveCfg = Debug|Any CPU
		{F7ED5A23-3208-36FF-B40B-57B99185794E}.Debug|Any CPU.Build.0 = Debug|Any CPU
		{F7ED5A23-3208-36FF-B40B-57B99185794E}.Release|Any CPU.ActiveCfg = Release|Any CPU
		{F7ED5A23-3208-36FF-B40B-57B99185794E}.Release|Any CPU.Build.0 = Release|Any CPU
	EndGlobalSection
	GlobalSection(SolutionProperties) = preSolution
		HideSolutionNode = FALSE
	EndGlobalSection
	
EndGlobal
