Microsoft Visual Studio Solution File, Format Version 10.00
# Visual Studio 2008

Project("{379C8F3E-D820-6011-AE93-2C9E78172E6C}") = "New Unity Project Terrain", "New Unity Project Terrain.csproj", "{283C4038-8FB1-447B-0050-FF08ACC2295F}"
EndProject
Global
	GlobalSection(SolutionConfigurationPlatforms) = preSolution
		Debug|Any CPU = Debug|Any CPU
		Release|Any CPU = Release|Any CPU
	EndGlobalSection
	GlobalSection(ProjectConfigurationPlatforms) = postSolution
		{283C4038-8FB1-447B-0050-FF08ACC2295F}.Debug|Any CPU.ActiveCfg = Debug|Any CPU
		{283C4038-8FB1-447B-0050-FF08ACC2295F}.Debug|Any CPU.Build.0 = Debug|Any CPU
		{283C4038-8FB1-447B-0050-FF08ACC2295F}.Release|Any CPU.ActiveCfg = Release|Any CPU
		{283C4038-8FB1-447B-0050-FF08ACC2295F}.Release|Any CPU.Build.0 = Release|Any CPU
	EndGlobalSection
	GlobalSection(SolutionProperties) = preSolution
		HideSolutionNode = FALSE
	EndGlobalSection
	
EndGlobal
