
Microsoft Visual Studio Solution File, Format Version 10.00
# Visual Studio 2008
Project("{FAE04EC0-301F-11D3-BF4B-00C04F79EFBC}") = "BlackScreen", "BlackScreen\BlackScreen.csproj", "{5EE1D240-B980-4DA6-B0B4-41E9D89B9646}"
EndProject
Global
	GlobalSection(SubversionScc) = preSolution
		Svn-Managed = True
		Manager = AnkhSVN - Subversion Support for Visual Studio
	EndGlobalSection
	GlobalSection(SolutionConfigurationPlatforms) = preSolution
		Debug|Any CPU = Debug|Any CPU
		Release|Any CPU = Release|Any CPU
	EndGlobalSection
	GlobalSection(ProjectConfigurationPlatforms) = postSolution
		{5EE1D240-B980-4DA6-B0B4-41E9D89B9646}.Debug|Any CPU.ActiveCfg = Debug|Any CPU
		{5EE1D240-B980-4DA6-B0B4-41E9D89B9646}.Debug|Any CPU.Build.0 = Debug|Any CPU
		{5EE1D240-B980-4DA6-B0B4-41E9D89B9646}.Release|Any CPU.ActiveCfg = Release|Any CPU
		{5EE1D240-B980-4DA6-B0B4-41E9D89B9646}.Release|Any CPU.Build.0 = Release|Any CPU
	EndGlobalSection
	GlobalSection(SolutionProperties) = preSolution
		HideSolutionNode = FALSE
	EndGlobalSection
EndGlobal
