Microsoft Visual Studio Solution File, Format Version 11.00
# Visual Studio 2010
Project("{FAE04EC0-301F-11D3-BF4B-00C04F79EFBC}") = "Assembly-CSharp-firstpass-vs", "Assembly-CSharp-firstpass-vs.csproj", "{0016D03C-0D28-B49B-1BF6-8AAB7D0D94F4}"
EndProject
Project("{FAE04EC0-301F-11D3-BF4B-00C04F79EFBC}") = "Assembly-CSharp-vs", "Assembly-CSharp-vs.csproj", "{A08FAC88-F0B8-C241-DDEA-3F5BBB59B4EE}"
EndProject
Project("{FAE04EC0-301F-11D3-BF4B-00C04F79EFBC}") = "Assembly-CSharp-Editor-vs", "Assembly-CSharp-Editor-vs.csproj", "{B81D831C-EE39-ECA5-1E0B-98E945D5A744}"
EndProject
Global
	GlobalSection(SubversionScc) = preSolution
		Svn-Managed = True
		Manager = AnkhSVN - Subversion Support for Visual Studio
	EndGlobalSection
	GlobalSection(SolutionConfigurationPlatforms) = preSolution
		Debug|Any CPU = Debug|Any CPU
		Release|Any CPU = Release|Any CPU
	EndGlobalSection
	GlobalSection(ProjectConfigurationPlatforms) = postSolution
		{0016D03C-0D28-B49B-1BF6-8AAB7D0D94F4}.Debug|Any CPU.ActiveCfg = Debug|Any CPU
		{0016D03C-0D28-B49B-1BF6-8AAB7D0D94F4}.Debug|Any CPU.Build.0 = Debug|Any CPU
		{0016D03C-0D28-B49B-1BF6-8AAB7D0D94F4}.Release|Any CPU.ActiveCfg = Release|Any CPU
		{0016D03C-0D28-B49B-1BF6-8AAB7D0D94F4}.Release|Any CPU.Build.0 = Release|Any CPU
		{A08FAC88-F0B8-C241-DDEA-3F5BBB59B4EE}.Debug|Any CPU.ActiveCfg = Debug|Any CPU
		{A08FAC88-F0B8-C241-DDEA-3F5BBB59B4EE}.Debug|Any CPU.Build.0 = Debug|Any CPU
		{A08FAC88-F0B8-C241-DDEA-3F5BBB59B4EE}.Release|Any CPU.ActiveCfg = Release|Any CPU
		{A08FAC88-F0B8-C241-DDEA-3F5BBB59B4EE}.Release|Any CPU.Build.0 = Release|Any CPU
		{B81D831C-EE39-ECA5-1E0B-98E945D5A744}.Debug|Any CPU.ActiveCfg = Debug|Any CPU
		{B81D831C-EE39-ECA5-1E0B-98E945D5A744}.Debug|Any CPU.Build.0 = Debug|Any CPU
		{B81D831C-EE39-ECA5-1E0B-98E945D5A744}.Release|Any CPU.ActiveCfg = Release|Any CPU
		{B81D831C-EE39-ECA5-1E0B-98E945D5A744}.Release|Any CPU.Build.0 = Release|Any CPU
	EndGlobalSection
	GlobalSection(SolutionProperties) = preSolution
		HideSolutionNode = FALSE
	EndGlobalSection
EndGlobal
