Microsoft Visual Studio Solution File, Format Version 10.00
# Visual Studio 2008

Project("{20EE80E6-3596-799A-1543-BC9FD88D8878}") = "bunny", "bunny.csproj", "{F2EE970D-9FEC-34E2-08ED-78AB286F69CB}"
EndProject
Global
	GlobalSection(SolutionConfigurationPlatforms) = preSolution
		Debug|Any CPU = Debug|Any CPU
		Release|Any CPU = Release|Any CPU
	EndGlobalSection
	GlobalSection(ProjectConfigurationPlatforms) = postSolution
		{F2EE970D-9FEC-34E2-08ED-78AB286F69CB}.Debug|Any CPU.ActiveCfg = Debug|Any CPU
		{F2EE970D-9FEC-34E2-08ED-78AB286F69CB}.Debug|Any CPU.Build.0 = Debug|Any CPU
		{F2EE970D-9FEC-34E2-08ED-78AB286F69CB}.Release|Any CPU.ActiveCfg = Release|Any CPU
		{F2EE970D-9FEC-34E2-08ED-78AB286F69CB}.Release|Any CPU.Build.0 = Release|Any CPU
	EndGlobalSection
	GlobalSection(SolutionProperties) = preSolution
		HideSolutionNode = FALSE
	EndGlobalSection
	
EndGlobal
